
Microsoft Visual Studio Solution File, Format Version 12.00
# Visual Studio Version 16
VisualStudioVersion = 16.0.29926.136
MinimumVisualStudioVersion = 10.0.40219.1
Project("{FAE04EC0-301F-11D3-BF4B-00C04F79EFBC}") = "FirstOS", "FirstOS\FirstOS.csproj", "{DA214939-9750-4909-9B99-E0774D596A60}"
EndProject
Global
	GlobalSection(SolutionConfigurationPlatforms) = preSolution
		Debug|Any CPU = Debug|Any CPU
		Release|Any CPU = Release|Any CPU
	EndGlobalSection
	GlobalSection(ProjectConfigurationPlatforms) = postSolution
		{DA214939-9750-4909-9B99-E0774D596A60}.Debug|Any CPU.ActiveCfg = Debug|Any CPU
		{DA214939-9750-4909-9B99-E0774D596A60}.Debug|Any CPU.Build.0 = Debug|Any CPU
		{DA214939-9750-4909-9B99-E0774D596A60}.Release|Any CPU.ActiveCfg = Release|Any CPU
		{DA214939-9750-4909-9B99-E0774D596A60}.Release|Any CPU.Build.0 = Release|Any CPU
	EndGlobalSection
	GlobalSection(SolutionProperties) = preSolution
		HideSolutionNode = FALSE
	EndGlobalSection
	GlobalSection(ExtensibilityGlobals) = postSolution
		SolutionGuid = {70E0DFE2-6E6E-4C4C-995C-90731C602A00}
	EndGlobalSection
EndGlobal
